schema: '2.0'
stages:
  parse_corpus:
    cmd: python src/parse_corpus.py
    deps:
    - path: data/raw/ru-fr_interference
      hash: md5
      md5: 36f49f9618bbbb6f9e1ceb95f8c45faf.dir
      size: 738309514
      nfiles: 5930
    - path: src/parse_corpus.py
      hash: md5
      md5: 76948ba8b4364c62d9a8e5bdadfcf923
      size: 3941
    outs:
    - path: data/parsed/phonemes.csv
      hash: md5
      md5: 955b378f6acb6a10eeed6252fd148edb
      size: 3681667
  extract_acoustics:
    cmd: python src/extract_acoustics.py
    deps:
    - path: data/parsed/phonemes.csv
      hash: md5
      md5: 955b378f6acb6a10eeed6252fd148edb
      size: 3681667
    - path: src/extract_acoustics.py
      hash: md5
      md5: 85056b3d8ab739fe85dd12ebd8258c3f
      size: 2687
    params:
      params.yaml:
        acoustics:
          max_formant_female: 5000
          max_formant_male: 4500
          n_formants: 5
    outs:
    - path: data/features/features_acoustic.csv
      hash: md5
      md5: 1e1ccdf5639d875236d2477340bcd489
      size: 5579001
  normalise:
    cmd: python src/normalise.py
    deps:
    - path: data/features/features_acoustic.csv
      hash: md5
      md5: 1e1ccdf5639d875236d2477340bcd489
      size: 5579001
    - path: data/features/features_whisper_layer20.npz
      hash: md5
      md5: 96721eec2b4465cb32adedad7630a0df
      size: 99400424
    - path: data/features/features_whisper_layer4.npz
      hash: md5
      md5: a5afa0ca414d85c71b179d751a3c2d06
      size: 99400424
    - path: data/features/features_xlsr_layer10.npz
      hash: md5
      md5: 83e412a130c2fe022162b7d5a892ad8c
      size: 99519208
    - path: data/features/features_xlsr_layer20.npz
      hash: md5
      md5: 220b716733ce082d19072272de253bd4
      size: 99519208
    - path: data/features/features_xlsr_layer3.npz
      hash: md5
      md5: 908ea5960712efe82468be5dbb36b15e
      size: 99519208
    - path: src/normalise.py
      hash: md5
      md5: f91432a26c57745ce990be182fbea94c
      size: 2211
    params:
      params.yaml:
        normalise:
          pca_dims_viz: 2
          pca_dims_clustering: 50
    outs:
    - path: data/features/features_acoustic_norm.csv
      hash: md5
      md5: d71ac27efd43f7362f89510909662ec0
      size: 6430187
    - path: data/features/features_whisper_layer20_pca.npz
      hash: md5
      md5: f0e2bce736c0a4fbf933b14860cef94f
      size: 4767664
    - path: data/features/features_whisper_layer4_pca.npz
      hash: md5
      md5: 0e6b6a8a8e5036cd69ec19fedec7f7f0
      size: 4767664
    - path: data/features/features_xlsr_layer10_pca.npz
      hash: md5
      md5: 3997d24bf6a7a7a9caf3f7e31115c356
      size: 9534816
    - path: data/features/features_xlsr_layer20_pca.npz
      hash: md5
      md5: 9b5c2b07d37354a9b0ec721475ce7253
      size: 9534816
    - path: data/features/features_xlsr_layer3_pca.npz
      hash: md5
      md5: 533843f76a86aa53bd7e9423adfa27e6
      size: 9534816
  descriptive_acoustic:
    cmd: python src/descriptive_acoustic.py
    deps:
    - path: data/features/features_acoustic_norm.csv
      hash: md5
      md5: d71ac27efd43f7362f89510909662ec0
      size: 6430187
    - path: src/descriptive_acoustic.py
      hash: md5
      md5: 909a884256bd3032ea969e7bf685835c
      size: 5594
    outs:
    - path: results/figures/boxplot_F1_norm.pdf
      hash: md5
      md5: 1218417132fe5001cab4bc8d30f43532
      size: 28598
    - path: results/figures/boxplot_F1_norm.png
      hash: md5
      md5: d8a2f3120eff76df86757548bf860142
      size: 67560
    - path: results/figures/boxplot_F2_norm.pdf
      hash: md5
      md5: 74198ae8f5071dfd603161d52d145011
      size: 28043
    - path: results/figures/boxplot_F2_norm.png
      hash: md5
      md5: be0ea7ca67256198505a10c22d0d7517
      size: 75283
    - path: results/figures/violin_F1_norm.pdf
      hash: md5
      md5: 8831fa46c6f7e2b4aaff9917fd302e93
      size: 32852
    - path: results/figures/violin_F1_norm.png
      hash: md5
      md5: f2e37b0c51da4ccdd21665eab94c58f0
      size: 75405
    - path: results/figures/violin_F2_norm.pdf
      hash: md5
      md5: 736922c36ec14efe4abfc77b58a640cf
      size: 33112
    - path: results/figures/violin_F2_norm.png
      hash: md5
      md5: 7d8ff4c301ea25dded16444a3be536f4
      size: 87251
    - path: results/figures/vowel_chart.pdf
      hash: md5
      md5: 58b13b9106c7c7235cbf68437bcfd808
      size: 40198
    - path: results/figures/vowel_chart.png
      hash: md5
      md5: 052a99df115869549277da2d90aec1de
      size: 421227
    - path: results/tables/descriptive_acoustic.csv
      hash: md5
      md5: 4d7280442f2283e433f7dcbaa4fbb049
      size: 4701
  descriptive_neural:
    cmd: python src/descriptive_neural.py
    deps:
    - path: data/features/features_acoustic_norm.csv
      hash: md5
      md5: d71ac27efd43f7362f89510909662ec0
      size: 6430187
    - path: data/features/features_whisper_layer20_pca.npz
      hash: md5
      md5: f0e2bce736c0a4fbf933b14860cef94f
      size: 4767664
    - path: data/features/features_whisper_layer4_pca.npz
      hash: md5
      md5: 0e6b6a8a8e5036cd69ec19fedec7f7f0
      size: 4767664
    - path: data/features/features_xlsr_layer10_pca.npz
      hash: md5
      md5: 3997d24bf6a7a7a9caf3f7e31115c356
      size: 9534816
    - path: data/features/features_xlsr_layer20_pca.npz
      hash: md5
      md5: 9b5c2b07d37354a9b0ec721475ce7253
      size: 9534816
    - path: data/features/features_xlsr_layer3_pca.npz
      hash: md5
      md5: 533843f76a86aa53bd7e9423adfa27e6
      size: 9534816
    - path: src/descriptive_neural.py
      hash: md5
      md5: 96f16efd0dfe1b8a29b52bf07f1d3b87
      size: 4512
    outs:
    - path: results/figures/neural_whisper_layer20_pca_gender.png
      hash: md5
      md5: 1ed3c95371a85e2931c4c0fc090c6c65
      size: 134055
    - path: results/figures/neural_whisper_layer20_pca_l1_status.png
      hash: md5
      md5: 07e86258c72a5c3a66f2a6a10384f138
      size: 130443
    - path: results/figures/neural_whisper_layer20_pca_phoneme.png
      hash: md5
      md5: 92883f8e2506a0fe162092df831f1eda
      size: 148867
    - path: results/figures/neural_whisper_layer20_umap_gender.png
      hash: md5
      md5: f7ddc22e27b297c2d26eee79678dc852
      size: 259328
    - path: results/figures/neural_whisper_layer20_umap_l1_status.png
      hash: md5
      md5: a7c70c447f4a7425a6c9021421321aba
      size: 253860
    - path: results/figures/neural_whisper_layer20_umap_phoneme.png
      hash: md5
      md5: edbff2740a25334087f857fb261429d9
      size: 291653
    - path: results/figures/neural_whisper_layer4_pca_gender.png
      hash: md5
      md5: 7dd8ff02c5b039179907efa94d910f96
      size: 640582
    - path: results/figures/neural_whisper_layer4_pca_l1_status.png
      hash: md5
      md5: 8baf8e8f3277819821abf840a5e6b34a
      size: 626571
    - path: results/figures/neural_whisper_layer4_pca_phoneme.png
      hash: md5
      md5: d75fe86cce4d6684a218f53ebbbdc098
      size: 684082
    - path: results/figures/neural_whisper_layer4_umap_gender.png
      hash: md5
      md5: fbb2f68763a888e9e4551016596867ba
      size: 498064
    - path: results/figures/neural_whisper_layer4_umap_l1_status.png
      hash: md5
      md5: 7decc9d20bdca252215729aa50bc4c18
      size: 489847
    - path: results/figures/neural_whisper_layer4_umap_phoneme.png
      hash: md5
      md5: 24f3860ac1efd734be763dc960efce7a
      size: 526997
    - path: results/figures/neural_xlsr_layer10_pca_gender.png
      hash: md5
      md5: a3cd39811ad6c1719f960ae766b7604f
      size: 792727
    - path: results/figures/neural_xlsr_layer10_pca_l1_status.png
      hash: md5
      md5: 0243281eb035793c27e08365cdb094a9
      size: 776863
    - path: results/figures/neural_xlsr_layer10_pca_phoneme.png
      hash: md5
      md5: 8f6a7a3ed8a5445ce4578a660a4a9b26
      size: 835670
    - path: results/figures/neural_xlsr_layer10_umap_gender.png
      hash: md5
      md5: b39d831708890c7ffab44f7dbc19afaa
      size: 388770
    - path: results/figures/neural_xlsr_layer10_umap_l1_status.png
      hash: md5
      md5: 3588bd3bc9f38c714e934ec2b7a47f79
      size: 388629
    - path: results/figures/neural_xlsr_layer10_umap_phoneme.png
      hash: md5
      md5: faa9ff5493c6164b95710141d716b7e2
      size: 391320
    - path: results/figures/neural_xlsr_layer20_pca_gender.png
      hash: md5
      md5: eb60b98bcb09b4511ade3019dc150f61
      size: 864815
    - path: results/figures/neural_xlsr_layer20_pca_l1_status.png
      hash: md5
      md5: 463f35b7e445c65eb413b835523b8570
      size: 855757
    - path: results/figures/neural_xlsr_layer20_pca_phoneme.png
      hash: md5
      md5: 6286251d4e443814c9c84c0bfae991b3
      size: 892623
    - path: results/figures/neural_xlsr_layer20_umap_gender.png
      hash: md5
      md5: 0b3a91a12c0a6e119e2b461f1119c025
      size: 281708
    - path: results/figures/neural_xlsr_layer20_umap_l1_status.png
      hash: md5
      md5: df4a0209b6cce57767f95379ef0e38e7
      size: 295789
    - path: results/figures/neural_xlsr_layer20_umap_phoneme.png
      hash: md5
      md5: 2ba9c887df28cf32e10002af2465d521
      size: 306828
    - path: results/figures/neural_xlsr_layer3_pca_gender.png
      hash: md5
      md5: a049bb5466eba611ecc9c897c717b82d
      size: 804380
    - path: results/figures/neural_xlsr_layer3_pca_l1_status.png
      hash: md5
      md5: c2a8a8db97ee418a36fc24b992cf076b
      size: 793602
    - path: results/figures/neural_xlsr_layer3_pca_phoneme.png
      hash: md5
      md5: 2ee795801828f32624a04ffce0bff91e
      size: 835813
    - path: results/figures/neural_xlsr_layer3_umap_gender.png
      hash: md5
      md5: e41461879295862f447e9fd5d91a08e2
      size: 203466
    - path: results/figures/neural_xlsr_layer3_umap_l1_status.png
      hash: md5
      md5: 9c15ca4c327da26501dabfde2d7c52b2
      size: 213103
    - path: results/figures/neural_xlsr_layer3_umap_phoneme.png
      hash: md5
      md5: 062a801d617df9e9cee343ff99e3ae12
      size: 229782
    - path: results/tables/neural_cosine_similarity.csv
      hash: md5
      md5: 1ab8124fb7e762d599c409ccd481dd49
      size: 219
    - path: results/tables/neural_variance_ratio.csv
      hash: md5
      md5: 8bee94a73c679d71ee0039b75eca52d3
      size: 706
  descriptive_crossrep:
    cmd: python src/descriptive_crossrep.py
    deps:
    - path: data/features/features_acoustic_norm.csv
      hash: md5
      md5: d71ac27efd43f7362f89510909662ec0
      size: 6430187
    - path: data/features/features_whisper_layer20_pca.npz
      hash: md5
      md5: f0e2bce736c0a4fbf933b14860cef94f
      size: 4767664
    - path: data/features/features_whisper_layer4_pca.npz
      hash: md5
      md5: 0e6b6a8a8e5036cd69ec19fedec7f7f0
      size: 4767664
    - path: data/features/features_xlsr_layer10_pca.npz
      hash: md5
      md5: 3997d24bf6a7a7a9caf3f7e31115c356
      size: 9534816
    - path: data/features/features_xlsr_layer20_pca.npz
      hash: md5
      md5: 9b5c2b07d37354a9b0ec721475ce7253
      size: 9534816
    - path: data/features/features_xlsr_layer3_pca.npz
      hash: md5
      md5: 533843f76a86aa53bd7e9423adfa27e6
      size: 9534816
    - path: src/descriptive_crossrep.py
      hash: md5
      md5: b7478b76d6c80767fc42d0d00f2706e4
      size: 2704
    outs:
    - path: results/tables/mantel_tests.csv
      hash: md5
      md5: fab01c643d308aff6fb0b239a2117cb9
      size: 643
  tests_acoustic_l1l2:
    cmd: python src/tests_acoustic_l1l2.py
    deps:
    - path: data/features/features_acoustic_norm.csv
      hash: md5
      md5: d71ac27efd43f7362f89510909662ec0
      size: 6430187
    - path: src/tests_acoustic_l1l2.py
      hash: md5
      md5: a0b244d9fd19311bfd3d2b122736739b
      size: 2355
    outs:
    - path: results/tables/l1_l2_acoustic_tests.csv
      hash: md5
      md5: 28bcde12aeec2c0585607f9ad906bd7f
      size: 1509
  tests_acoustic_gender:
    cmd: python src/tests_acoustic_gender.py
    deps:
    - path: data/features/features_acoustic_norm.csv
      hash: md5
      md5: d71ac27efd43f7362f89510909662ec0
      size: 6430187
    - path: src/tests_acoustic_gender.py
      hash: md5
      md5: bf17fb23fda3027923a42ac707598ef0
      size: 2006
    outs:
    - path: results/tables/gender_acoustic_tests.csv
      hash: md5
      md5: 5a3db7795298c5e333179e46fcd77af7
      size: 1126
  tests_neural_l1l2:
    cmd: python src/tests_neural_l1l2.py
    deps:
    - path: data/features/features_acoustic_norm.csv
      hash: md5
      md5: d71ac27efd43f7362f89510909662ec0
      size: 6430187
    - path: data/features/features_whisper_layer4_pca.npz
      hash: md5
      md5: 0e6b6a8a8e5036cd69ec19fedec7f7f0
      size: 4767664
    - path: data/features/features_xlsr_layer3_pca.npz
      hash: md5
      md5: 533843f76a86aa53bd7e9423adfa27e6
      size: 9534816
    - path: src/tests_neural_l1l2.py
      hash: md5
      md5: 728cd68c6fa75fd24bfd3fe97f29aa24
      size: 2475
    outs:
    - path: results/tables/l1_l2_neural_tests.csv
      hash: md5
      md5: 7f8a8b90cef0509130b73a008ace9cc9
      size: 914
  tests_inter_distances:
    cmd: python src/tests_inter_distances.py
    deps:
    - path: data/features/features_acoustic_norm.csv
      hash: md5
      md5: d71ac27efd43f7362f89510909662ec0
      size: 6430187
    - path: data/features/features_whisper_layer4_pca.npz
      hash: md5
      md5: 0e6b6a8a8e5036cd69ec19fedec7f7f0
      size: 4767664
    - path: data/features/features_xlsr_layer3_pca.npz
      hash: md5
      md5: 533843f76a86aa53bd7e9423adfa27e6
      size: 9534816
    - path: src/tests_inter_distances.py
      hash: md5
      md5: 48d0604fd213d3450c4786e0712dab2c
      size: 11196
    params:
      params.yaml:
        tests_inter_distances:
          n_boot: 2000
          vowels:
          - a
          - e
          - i
          - o
          - u
          - y
          - ø
          - ɛ
          - ɑ
          - ə
          pairs:
          - - i
            - u
          - - e
            - o
          - - a
            - u
          - - e
            - ɛ
          - - o
            - u
          - - a
            - ɑ
          - - i
            - y
          - - e
            - ø
    outs:
    - path: results/figures/distance_matrices.png
      hash: md5
      md5: 6ad34972405793cde633bfb265335523
      size: 274959
    - path: results/tables/distance_bootstrap_ci.csv
      hash: md5
      md5: e1a58348cc55f2250b35dff220b93a3c
      size: 1715
    - path: results/tables/distance_mantel.csv
      hash: md5
      md5: bf5097e52334a10e8e8661120f628742
      size: 226
  nearest_centroid_classifier:
    cmd: python src/nearest_centroid_classifier.py
    deps:
    - path: data/features/features_acoustic_norm.csv
      hash: md5
      md5: d71ac27efd43f7362f89510909662ec0
      size: 6430187
    - path: data/features/features_whisper_layer4_pca.npz
      hash: md5
      md5: 0e6b6a8a8e5036cd69ec19fedec7f7f0
      size: 4767664
    - path: data/features/features_xlsr_layer3_pca.npz
      hash: md5
      md5: 533843f76a86aa53bd7e9423adfa27e6
      size: 9534816
    - path: src/nearest_centroid_classifier.py
      hash: md5
      md5: 7f15c9aa04f435a0e37506c91efd0a0b
      size: 8356
    params:
      params.yaml:
        tests_inter_distances.vowels:
        - a
        - e
        - i
        - o
        - u
        - y
        - ø
        - ɛ
        - ɑ
        - ə
    outs:
    - path: results/figures/confusion_acoustic.png
      hash: md5
      md5: 4a8b522e9e17a6d338ca0910933646c8
      size: 105693
    - path: results/figures/confusion_whisper_layer4.png
      hash: md5
      md5: 0e808fef463d9c4abecf504cb2823d31
      size: 118784
    - path: results/figures/confusion_xlsr_layer3.png
      hash: md5
      md5: a120adda36669d5634114ead6317a7bf
      size: 97441
    - path: results/tables/classifier_mcnemar.csv
      hash: md5
      md5: 9fe37c2e334eea5178c744b37ea8f278
      size: 520
    - path: results/tables/classifier_summary.csv
      hash: md5
      md5: bd9d388de940f695ef13ba3fb1d03017
      size: 376
  lme_models:
    cmd: python src/lme_models.py
    deps:
    - path: data/features/features_acoustic_norm.csv
      hash: md5
      md5: d71ac27efd43f7362f89510909662ec0
      size: 6430187
    - path: data/features/features_whisper_layer4_pca.npz
      hash: md5
      md5: 0e6b6a8a8e5036cd69ec19fedec7f7f0
      size: 4767664
    - path: data/features/features_xlsr_layer3_pca.npz
      hash: md5
      md5: 533843f76a86aa53bd7e9423adfa27e6
      size: 9534816
    - path: src/lme_models.py
      hash: md5
      md5: b259f2959032ceafcef1b0147bfd90ed
      size: 10899
    params:
      params.yaml:
        lme_models.n_neural_pcs: 5
        tests_inter_distances.vowels:
        - a
        - e
        - i
        - o
        - u
        - y
        - ø
        - ɛ
        - ɑ
        - ə
    outs:
    - path: results/figures/lme_l2_forest.png
      hash: md5
      md5: 6251604733446d2d44e27f9efbbd5c0c
      size: 61865
    - path: results/tables/lme_best_model.csv
      hash: md5
      md5: 0eaa6e75a35703e8eea417da8fe8a65d
      size: 417
    - path: results/tables/lme_fixed_effects.csv
      hash: md5
      md5: c3408bdeebe3b5e37deee224c4bf3e7f
      size: 4546
    - path: results/tables/lme_icc.csv
      hash: md5
      md5: 1b8cb858e866f2d0fa3c088398bff16c
      size: 282
    - path: results/tables/lme_lrt.csv
      hash: md5
      md5: 3e5dd1922be1b6005489278f38d91272
      size: 1632
    - path: results/tables/lme_summary.csv
      hash: md5
      md5: 1d8d975bf909503c1380d1013a6f5942
      size: 2696
  ci_rope:
    cmd: python src/ci_rope.py
    deps:
    - path: data/features/features_acoustic_norm.csv
      hash: md5
      md5: d71ac27efd43f7362f89510909662ec0
      size: 6430187
    - path: data/features/features_whisper_layer4_pca.npz
      hash: md5
      md5: 0e6b6a8a8e5036cd69ec19fedec7f7f0
      size: 4767664
    - path: data/features/features_xlsr_layer3_pca.npz
      hash: md5
      md5: 533843f76a86aa53bd7e9423adfa27e6
      size: 9534816
    - path: src/ci_rope.py
      hash: md5
      md5: cdb23ed1073202680859470d518b9845
      size: 13321
    params:
      params.yaml:
        ci_rope.n_boot: 2000
        ci_rope.rope_hz: 20.0
        tests_inter_distances.vowels:
        - a
        - e
        - i
        - o
        - u
        - y
        - ø
        - ɛ
        - ɑ
        - ə
    outs:
    - path: results/figures/rope_acoustic_forest.png
      hash: md5
      md5: b8f5c093286c04d203959b366028b829
      size: 55433
    - path: results/figures/rope_neural_forest.png
      hash: md5
      md5: cd96dc7ee55e9192c301119a1a8c285e
      size: 65217
    - path: results/tables/rope_acoustic_ci.csv
      hash: md5
      md5: 1b9cd035296c294ce80c4228b8eac1f7
      size: 849
    - path: results/tables/rope_classification.csv
      hash: md5
      md5: 8464b17859e0c1d87d350217b8a49eb5
      size: 3042
    - path: results/tables/rope_delta0.csv
      hash: md5
      md5: 94bdb9208c6049d28d9f8b81c495c10f
      size: 58
    - path: results/tables/rope_neural_ci.csv
      hash: md5
      md5: fc9522d1bf35022798bdd71634b1dd55
      size: 784
    - path: results/tables/rope_summary_counts.csv
      hash: md5
      md5: 881a5505ddcf06fbc8d57f8d9c37017a
      size: 160
  clustering_vowels:
    cmd: python src/clustering_vowels.py
    deps:
    - path: data/features/features_acoustic_norm.csv
      hash: md5
      md5: d71ac27efd43f7362f89510909662ec0
      size: 6430187
    - path: data/features/features_whisper_layer4_pca.npz
      hash: md5
      md5: 0e6b6a8a8e5036cd69ec19fedec7f7f0
      size: 4767664
    - path: data/features/features_xlsr_layer3_pca.npz
      hash: md5
      md5: 533843f76a86aa53bd7e9423adfa27e6
      size: 9534816
    - path: src/clustering_vowels.py
      hash: md5
      md5: e1bc70921209fff374539633ea93e062
      size: 11971
    params:
      params.yaml:
        clustering_vowels.n_top_consonants: 10
        tests_inter_distances.vowels:
        - a
        - e
        - i
        - o
        - u
        - y
        - ø
        - ɛ
        - ɑ
        - ə
    outs:
    - path: results/figures/cluster_vc_acoustic.png
      hash: md5
      md5: 732e75a2a1ad17874250b3ac95a5af7c
      size: 31447
    - path: results/figures/cluster_vc_whisper_layer4.png
      hash: md5
      md5: 95dccc586a4d02661d57a95d2ea911f2
      size: 35361
    - path: results/figures/cluster_vc_xlsr_layer3.png
      hash: md5
      md5: f5bbc51623899e1ae3527a0dee39ade1
      size: 34923
    - path: results/figures/cluster_vowel_acoustic.png
      hash: md5
      md5: 8572915d4f9e33253ef31bdb88c8a79c
      size: 31527
    - path: results/figures/cluster_vowel_acoustic_f1only.png
      hash: md5
      md5: ee5e8dbd083c5a9de1a747d7b688d60a
      size: 31515
    - path: results/figures/cluster_vowel_whisper_layer4.png
      hash: md5
      md5: 19357661deb515d01252519970624664
      size: 30636
    - path: results/figures/cluster_vowel_xlsr_layer3.png
      hash: md5
      md5: be44d9c4611b792da44587743a585b4d
      size: 33114
    - path: results/tables/clustering_vowel_ari.csv
      hash: md5
      md5: 204d94440937382f162f86dbb2a8c255
      size: 391
  clustering_speakers:
    cmd: python src/clustering_speakers.py
    deps:
    - path: data/features/features_acoustic_norm.csv
      hash: md5
      md5: d71ac27efd43f7362f89510909662ec0
      size: 6430187
    - path: data/features/features_whisper_layer4_pca.npz
      hash: md5
      md5: 0e6b6a8a8e5036cd69ec19fedec7f7f0
      size: 4767664
    - path: data/features/features_xlsr_layer3_pca.npz
      hash: md5
      md5: 533843f76a86aa53bd7e9423adfa27e6
      size: 9534816
    - path: src/clustering_speakers.py
      hash: md5
      md5: ce756ffc56398afba63310dfaf949720
      size: 8079
    params:
      params.yaml:
        tests_inter_distances.vowels:
        - a
        - e
        - i
        - o
        - u
        - y
        - ø
        - ɛ
        - ɑ
        - ə
    outs:
    - path: results/figures/cluster_speaker_acoustic_L1L2.png
      hash: md5
      md5: 1d383bd3138be4575cd9a1c2b3ea1628
      size: 24375
    - path: results/figures/cluster_speaker_acoustic_gender.png
      hash: md5
      md5: bfcafef5378e8ea68813109993c85a9e
      size: 24052
    - path: results/figures/cluster_speaker_whisper_layer4_L1L2.png
      hash: md5
      md5: 7b30e6a21c84be1c130ab9d8efeeca77
      size: 28967
    - path: results/figures/cluster_speaker_whisper_layer4_gender.png
      hash: md5
      md5: 7c455a902e027ec95bcaa83813a66a31
      size: 28581
    - path: results/figures/cluster_speaker_xlsr_layer3_L1L2.png
      hash: md5
      md5: a8793e9201da359f2e83b6c82740c44f
      size: 27916
    - path: results/figures/cluster_speaker_xlsr_layer3_gender.png
      hash: md5
      md5: 7e1b0d16d4793944505d8a94b5a58d7c
      size: 27755
    - path: results/tables/clustering_speaker_ari.csv
      hash: md5
      md5: b916efcdb672590be1a98908d0dd6467
      size: 161
